
Microsoft Visual Studio Solution File, Format Version 12.00
# Visual Studio Version 16
VisualStudioVersion = 16.0.29411.108
MinimumVisualStudioVersion = 10.0.40219.1
Project("{FAE04EC0-301F-11D3-BF4B-00C04F79EFBC}") = "AttendanceMgmt", "AttendanceMgmt.csproj", "{20A70A9F-5C6F-4EB9-8F27-DD8BDF1DF446}"
EndProject
Global
	GlobalSection(SolutionConfigurationPlatforms) = preSolution
		Debug|Any CPU = Debug|Any CPU
		Release|Any CPU = Release|Any CPU
	EndGlobalSection
	GlobalSection(ProjectConfigurationPlatforms) = postSolution
		{20A70A9F-5C6F-4EB9-8F27-DD8BDF1DF446}.Debug|Any CPU.ActiveCfg = Debug|Any CPU
		{20A70A9F-5C6F-4EB9-8F27-DD8BDF1DF446}.Debug|Any CPU.Build.0 = Debug|Any CPU
		{20A70A9F-5C6F-4EB9-8F27-DD8BDF1DF446}.Release|Any CPU.ActiveCfg = Release|Any CPU
		{20A70A9F-5C6F-4EB9-8F27-DD8BDF1DF446}.Release|Any CPU.Build.0 = Release|Any CPU
	EndGlobalSection
	GlobalSection(SolutionProperties) = preSolution
		HideSolutionNode = FALSE
	EndGlobalSection
	GlobalSection(ExtensibilityGlobals) = postSolution
		SolutionGuid = {D0A321CB-E6DD-4579-B308-A584846F4AD4}
	EndGlobalSection
EndGlobal
